
Microsoft Visual Studio Solution File, Format Version 12.00
# Visual Studio 15
VisualStudioVersion = 15.0.26124.0
MinimumVisualStudioVersion = 15.0.26124.0
Project("{2150E333-8FDC-42A3-9474-1A3956D46DE8}") = "src", "src", "{6036EFBD-089D-4BB9-A74A-B6C56FCFF59A}"
EndProject
Project("{2150E333-8FDC-42A3-9474-1A3956D46DE8}") = "Core", "Core", "{8235369C-97BE-4EBC-B439-FD3C2C7F6421}"
EndProject
Project("{FAE04EC0-301F-11D3-BF4B-00C04F79EFBC}") = "NetCoreCqrsEsSample.Domain", "src\Core\NetCoreCqrsEsSample.Domain\NetCoreCqrsEsSample.Domain.csproj", "{26367834-1DA3-4EFE-AECA-60C6A148232E}"
EndProject
Project("{FAE04EC0-301F-11D3-BF4B-00C04F79EFBC}") = "NetCoreCqrsEsSample.Commands", "src\Core\NetCoreCqrsEsSample.Commands\NetCoreCqrsEsSample.Commands.csproj", "{6D0599BC-AF59-4198-9BC9-6EBED7DA4919}"
EndProject
Project("{FAE04EC0-301F-11D3-BF4B-00C04F79EFBC}") = "NetCoreCqrsEsSample.Events", "src\Core\NetCoreCqrsEsSample.Events\NetCoreCqrsEsSample.Events.csproj", "{A0001FA3-E287-452C-BFCA-D7DE2FEE6DCB}"
EndProject
Project("{2150E333-8FDC-42A3-9474-1A3956D46DE8}") = "Hosts", "Hosts", "{6B098905-B1F5-4C0E-9D7A-9B321BE45445}"
EndProject
Project("{FAE04EC0-301F-11D3-BF4B-00C04F79EFBC}") = "NetCoreCqrsEsSample.Api", "src\Hosts\NetCoreCqrsEsSample.Api\NetCoreCqrsEsSample.Api.csproj", "{96C127E5-FA96-4136-893C-6C2E9B437AB8}"
EndProject
Project("{2150E333-8FDC-42A3-9474-1A3956D46DE8}") = "Infrastructure", "Infrastructure", "{D57F505A-8D86-4C7E-9280-F90062289FFA}"
EndProject
Project("{FAE04EC0-301F-11D3-BF4B-00C04F79EFBC}") = "NetCoreCqrsEsSample.Data", "src\Infrastructure\NetCoreCqrsEsSample.Data\NetCoreCqrsEsSample.Data.csproj", "{0A6207E2-F4D2-4440-92BA-FE0E43E64D68}"
EndProject
Project("{FAE04EC0-301F-11D3-BF4B-00C04F79EFBC}") = "NetCoreCqrsEsSample.Infrastructure.Commands", "src\Infrastructure\NetCoreCqrsEsSample.Infrastructure.Commands\NetCoreCqrsEsSample.Infrastructure.Commands.csproj", "{0B27A6C9-CDF3-40B9-BD7E-37840FC771EE}"
EndProject
Project("{2150E333-8FDC-42A3-9474-1A3956D46DE8}") = "Services", "Services", "{EEA8BF6E-F45A-46BE-AB8F-A4777E329930}"
EndProject
Project("{FAE04EC0-301F-11D3-BF4B-00C04F79EFBC}") = "NetCoreCqrsEsSample.Service.Host", "src\Services\NetCoreCqrsEsSample.Service.Host\NetCoreCqrsEsSample.Service.Host.csproj", "{5CD61FD6-5EDF-42FF-AE97-1A0953BC35CC}"
EndProject
Project("{FAE04EC0-301F-11D3-BF4B-00C04F79EFBC}") = "NetCoreCqrsEsSample.Service.CounterService", "src\Services\NetCoreCqrsEsSample.Service.CounterService\NetCoreCqrsEsSample.Service.CounterService.csproj", "{BB6FB7F9-9799-4E49-973C-D4E35839FFCA}"
EndProject
Project("{2150E333-8FDC-42A3-9474-1A3956D46DE8}") = "tests", "tests", "{F9D62C0F-D44E-4C26-BDCD-EDD2EC8C1046}"
EndProject
Project("{FAE04EC0-301F-11D3-BF4B-00C04F79EFBC}") = "NetCoreCqrsEsSample.Tests", "tests\NetCoreCqrsEsSample.Tests\NetCoreCqrsEsSample.Tests.csproj", "{E4403A92-3A7A-442A-AADD-AFDFEC826BFA}"
EndProject
Global
	GlobalSection(SolutionConfigurationPlatforms) = preSolution
		Debug|Any CPU = Debug|Any CPU
		Debug|x64 = Debug|x64
		Debug|x86 = Debug|x86
		Release|Any CPU = Release|Any CPU
		Release|x64 = Release|x64
		Release|x86 = Release|x86
	EndGlobalSection
	GlobalSection(SolutionProperties) = preSolution
		HideSolutionNode = FALSE
	EndGlobalSection
	GlobalSection(ProjectConfigurationPlatforms) = postSolution
		{26367834-1DA3-4EFE-AECA-60C6A148232E}.Debug|Any CPU.ActiveCfg = Debug|Any CPU
		{26367834-1DA3-4EFE-AECA-60C6A148232E}.Debug|Any CPU.Build.0 = Debug|Any CPU
		{26367834-1DA3-4EFE-AECA-60C6A148232E}.Debug|x64.ActiveCfg = Debug|x64
		{26367834-1DA3-4EFE-AECA-60C6A148232E}.Debug|x64.Build.0 = Debug|x64
		{26367834-1DA3-4EFE-AECA-60C6A148232E}.Debug|x86.ActiveCfg = Debug|x86
		{26367834-1DA3-4EFE-AECA-60C6A148232E}.Debug|x86.Build.0 = Debug|x86
		{26367834-1DA3-4EFE-AECA-60C6A148232E}.Release|Any CPU.ActiveCfg = Release|Any CPU
		{26367834-1DA3-4EFE-AECA-60C6A148232E}.Release|Any CPU.Build.0 = Release|Any CPU
		{26367834-1DA3-4EFE-AECA-60C6A148232E}.Release|x64.ActiveCfg = Release|x64
		{26367834-1DA3-4EFE-AECA-60C6A148232E}.Release|x64.Build.0 = Release|x64
		{26367834-1DA3-4EFE-AECA-60C6A148232E}.Release|x86.ActiveCfg = Release|x86
		{26367834-1DA3-4EFE-AECA-60C6A148232E}.Release|x86.Build.0 = Release|x86
		{6D0599BC-AF59-4198-9BC9-6EBED7DA4919}.Debug|Any CPU.ActiveCfg = Debug|Any CPU
		{6D0599BC-AF59-4198-9BC9-6EBED7DA4919}.Debug|Any CPU.Build.0 = Debug|Any CPU
		{6D0599BC-AF59-4198-9BC9-6EBED7DA4919}.Debug|x64.ActiveCfg = Debug|x64
		{6D0599BC-AF59-4198-9BC9-6EBED7DA4919}.Debug|x64.Build.0 = Debug|x64
		{6D0599BC-AF59-4198-9BC9-6EBED7DA4919}.Debug|x86.ActiveCfg = Debug|x86
		{6D0599BC-AF59-4198-9BC9-6EBED7DA4919}.Debug|x86.Build.0 = Debug|x86
		{6D0599BC-AF59-4198-9BC9-6EBED7DA4919}.Release|Any CPU.ActiveCfg = Release|Any CPU
		{6D0599BC-AF59-4198-9BC9-6EBED7DA4919}.Release|Any CPU.Build.0 = Release|Any CPU
		{6D0599BC-AF59-4198-9BC9-6EBED7DA4919}.Release|x64.ActiveCfg = Release|x64
		{6D0599BC-AF59-4198-9BC9-6EBED7DA4919}.Release|x64.Build.0 = Release|x64
		{6D0599BC-AF59-4198-9BC9-6EBED7DA4919}.Release|x86.ActiveCfg = Release|x86
		{6D0599BC-AF59-4198-9BC9-6EBED7DA4919}.Release|x86.Build.0 = Release|x86
		{A0001FA3-E287-452C-BFCA-D7DE2FEE6DCB}.Debug|Any CPU.ActiveCfg = Debug|Any CPU
		{A0001FA3-E287-452C-BFCA-D7DE2FEE6DCB}.Debug|Any CPU.Build.0 = Debug|Any CPU
		{A0001FA3-E287-452C-BFCA-D7DE2FEE6DCB}.Debug|x64.ActiveCfg = Debug|x64
		{A0001FA3-E287-452C-BFCA-D7DE2FEE6DCB}.Debug|x64.Build.0 = Debug|x64
		{A0001FA3-E287-452C-BFCA-D7DE2FEE6DCB}.Debug|x86.ActiveCfg = Debug|x86
		{A0001FA3-E287-452C-BFCA-D7DE2FEE6DCB}.Debug|x86.Build.0 = Debug|x86
		{A0001FA3-E287-452C-BFCA-D7DE2FEE6DCB}.Release|Any CPU.ActiveCfg = Release|Any CPU
		{A0001FA3-E287-452C-BFCA-D7DE2FEE6DCB}.Release|Any CPU.Build.0 = Release|Any CPU
		{A0001FA3-E287-452C-BFCA-D7DE2FEE6DCB}.Release|x64.ActiveCfg = Release|x64
		{A0001FA3-E287-452C-BFCA-D7DE2FEE6DCB}.Release|x64.Build.0 = Release|x64
		{A0001FA3-E287-452C-BFCA-D7DE2FEE6DCB}.Release|x86.ActiveCfg = Release|x86
		{A0001FA3-E287-452C-BFCA-D7DE2FEE6DCB}.Release|x86.Build.0 = Release|x86
		{96C127E5-FA96-4136-893C-6C2E9B437AB8}.Debug|Any CPU.ActiveCfg = Debug|Any CPU
		{96C127E5-FA96-4136-893C-6C2E9B437AB8}.Debug|Any CPU.Build.0 = Debug|Any CPU
		{96C127E5-FA96-4136-893C-6C2E9B437AB8}.Debug|x64.ActiveCfg = Debug|x64
		{96C127E5-FA96-4136-893C-6C2E9B437AB8}.Debug|x64.Build.0 = Debug|x64
		{96C127E5-FA96-4136-893C-6C2E9B437AB8}.Debug|x86.ActiveCfg = Debug|x86
		{96C127E5-FA96-4136-893C-6C2E9B437AB8}.Debug|x86.Build.0 = Debug|x86
		{96C127E5-FA96-4136-893C-6C2E9B437AB8}.Release|Any CPU.ActiveCfg = Release|Any CPU
		{96C127E5-FA96-4136-893C-6C2E9B437AB8}.Release|Any CPU.Build.0 = Release|Any CPU
		{96C127E5-FA96-4136-893C-6C2E9B437AB8}.Release|x64.ActiveCfg = Release|x64
		{96C127E5-FA96-4136-893C-6C2E9B437AB8}.Release|x64.Build.0 = Release|x64
		{96C127E5-FA96-4136-893C-6C2E9B437AB8}.Release|x86.ActiveCfg = Release|x86
		{96C127E5-FA96-4136-893C-6C2E9B437AB8}.Release|x86.Build.0 = Release|x86
		{0A6207E2-F4D2-4440-92BA-FE0E43E64D68}.Debug|Any CPU.ActiveCfg = Debug|Any CPU
		{0A6207E2-F4D2-4440-92BA-FE0E43E64D68}.Debug|Any CPU.Build.0 = Debug|Any CPU
		{0A6207E2-F4D2-4440-92BA-FE0E43E64D68}.Debug|x64.ActiveCfg = Debug|x64
		{0A6207E2-F4D2-4440-92BA-FE0E43E64D68}.Debug|x64.Build.0 = Debug|x64
		{0A6207E2-F4D2-4440-92BA-FE0E43E64D68}.Debug|x86.ActiveCfg = Debug|x86
		{0A6207E2-F4D2-4440-92BA-FE0E43E64D68}.Debug|x86.Build.0 = Debug|x86
		{0A6207E2-F4D2-4440-92BA-FE0E43E64D68}.Release|Any CPU.ActiveCfg = Release|Any CPU
		{0A6207E2-F4D2-4440-92BA-FE0E43E64D68}.Release|Any CPU.Build.0 = Release|Any CPU
		{0A6207E2-F4D2-4440-92BA-FE0E43E64D68}.Release|x64.ActiveCfg = Release|x64
		{0A6207E2-F4D2-4440-92BA-FE0E43E64D68}.Release|x64.Build.0 = Release|x64
		{0A6207E2-F4D2-4440-92BA-FE0E43E64D68}.Release|x86.ActiveCfg = Release|x86
		{0A6207E2-F4D2-4440-92BA-FE0E43E64D68}.Release|x86.Build.0 = Release|x86
		{0B27A6C9-CDF3-40B9-BD7E-37840FC771EE}.Debug|Any CPU.ActiveCfg = Debug|Any CPU
		{0B27A6C9-CDF3-40B9-BD7E-37840FC771EE}.Debug|Any CPU.Build.0 = Debug|Any CPU
		{0B27A6C9-CDF3-40B9-BD7E-37840FC771EE}.Debug|x64.ActiveCfg = Debug|x64
		{0B27A6C9-CDF3-40B9-BD7E-37840FC771EE}.Debug|x64.Build.0 = Debug|x64
		{0B27A6C9-CDF3-40B9-BD7E-37840FC771EE}.Debug|x86.ActiveCfg = Debug|x86
		{0B27A6C9-CDF3-40B9-BD7E-37840FC771EE}.Debug|x86.Build.0 = Debug|x86
		{0B27A6C9-CDF3-40B9-BD7E-37840FC771EE}.Release|Any CPU.ActiveCfg = Release|Any CPU
		{0B27A6C9-CDF3-40B9-BD7E-37840FC771EE}.Release|Any CPU.Build.0 = Release|Any CPU
		{0B27A6C9-CDF3-40B9-BD7E-37840FC771EE}.Release|x64.ActiveCfg = Release|x64
		{0B27A6C9-CDF3-40B9-BD7E-37840FC771EE}.Release|x64.Build.0 = Release|x64
		{0B27A6C9-CDF3-40B9-BD7E-37840FC771EE}.Release|x86.ActiveCfg = Release|x86
		{0B27A6C9-CDF3-40B9-BD7E-37840FC771EE}.Release|x86.Build.0 = Release|x86
		{5CD61FD6-5EDF-42FF-AE97-1A0953BC35CC}.Debug|Any CPU.ActiveCfg = Debug|Any CPU
		{5CD61FD6-5EDF-42FF-AE97-1A0953BC35CC}.Debug|Any CPU.Build.0 = Debug|Any CPU
		{5CD61FD6-5EDF-42FF-AE97-1A0953BC35CC}.Debug|x64.ActiveCfg = Debug|x64
		{5CD61FD6-5EDF-42FF-AE97-1A0953BC35CC}.Debug|x64.Build.0 = Debug|x64
		{5CD61FD6-5EDF-42FF-AE97-1A0953BC35CC}.Debug|x86.ActiveCfg = Debug|x86
		{5CD61FD6-5EDF-42FF-AE97-1A0953BC35CC}.Debug|x86.Build.0 = Debug|x86
		{5CD61FD6-5EDF-42FF-AE97-1A0953BC35CC}.Release|Any CPU.ActiveCfg = Release|Any CPU
		{5CD61FD6-5EDF-42FF-AE97-1A0953BC35CC}.Release|Any CPU.Build.0 = Release|Any CPU
		{5CD61FD6-5EDF-42FF-AE97-1A0953BC35CC}.Release|x64.ActiveCfg = Release|x64
		{5CD61FD6-5EDF-42FF-AE97-1A0953BC35CC}.Release|x64.Build.0 = Release|x64
		{5CD61FD6-5EDF-42FF-AE97-1A0953BC35CC}.Release|x86.ActiveCfg = Release|x86
		{5CD61FD6-5EDF-42FF-AE97-1A0953BC35CC}.Release|x86.Build.0 = Release|x86
		{BB6FB7F9-9799-4E49-973C-D4E35839FFCA}.Debug|Any CPU.ActiveCfg = Debug|Any CPU
		{BB6FB7F9-9799-4E49-973C-D4E35839FFCA}.Debug|Any CPU.Build.0 = Debug|Any CPU
		{BB6FB7F9-9799-4E49-973C-D4E35839FFCA}.Debug|x64.ActiveCfg = Debug|x64
		{BB6FB7F9-9799-4E49-973C-D4E35839FFCA}.Debug|x64.Build.0 = Debug|x64
		{BB6FB7F9-9799-4E49-973C-D4E35839FFCA}.Debug|x86.ActiveCfg = Debug|x86
		{BB6FB7F9-9799-4E49-973C-D4E35839FFCA}.Debug|x86.Build.0 = Debug|x86
		{BB6FB7F9-9799-4E49-973C-D4E35839FFCA}.Release|Any CPU.ActiveCfg = Release|Any CPU
		{BB6FB7F9-9799-4E49-973C-D4E35839FFCA}.Release|Any CPU.Build.0 = Release|Any CPU
		{BB6FB7F9-9799-4E49-973C-D4E35839FFCA}.Release|x64.ActiveCfg = Release|x64
		{BB6FB7F9-9799-4E49-973C-D4E35839FFCA}.Release|x64.Build.0 = Release|x64
		{BB6FB7F9-9799-4E49-973C-D4E35839FFCA}.Release|x86.ActiveCfg = Release|x86
		{BB6FB7F9-9799-4E49-973C-D4E35839FFCA}.Release|x86.Build.0 = Release|x86
		{E4403A92-3A7A-442A-AADD-AFDFEC826BFA}.Debug|Any CPU.ActiveCfg = Debug|Any CPU
		{E4403A92-3A7A-442A-AADD-AFDFEC826BFA}.Debug|Any CPU.Build.0 = Debug|Any CPU
		{E4403A92-3A7A-442A-AADD-AFDFEC826BFA}.Debug|x64.ActiveCfg = Debug|x64
		{E4403A92-3A7A-442A-AADD-AFDFEC826BFA}.Debug|x64.Build.0 = Debug|x64
		{E4403A92-3A7A-442A-AADD-AFDFEC826BFA}.Debug|x86.ActiveCfg = Debug|x86
		{E4403A92-3A7A-442A-AADD-AFDFEC826BFA}.Debug|x86.Build.0 = Debug|x86
		{E4403A92-3A7A-442A-AADD-AFDFEC826BFA}.Release|Any CPU.ActiveCfg = Release|Any CPU
		{E4403A92-3A7A-442A-AADD-AFDFEC826BFA}.Release|Any CPU.Build.0 = Release|Any CPU
		{E4403A92-3A7A-442A-AADD-AFDFEC826BFA}.Release|x64.ActiveCfg = Release|x64
		{E4403A92-3A7A-442A-AADD-AFDFEC826BFA}.Release|x64.Build.0 = Release|x64
		{E4403A92-3A7A-442A-AADD-AFDFEC826BFA}.Release|x86.ActiveCfg = Release|x86
		{E4403A92-3A7A-442A-AADD-AFDFEC826BFA}.Release|x86.Build.0 = Release|x86
	EndGlobalSection
	GlobalSection(NestedProjects) = preSolution
		{8235369C-97BE-4EBC-B439-FD3C2C7F6421} = {6036EFBD-089D-4BB9-A74A-B6C56FCFF59A}
		{26367834-1DA3-4EFE-AECA-60C6A148232E} = {8235369C-97BE-4EBC-B439-FD3C2C7F6421}
		{6D0599BC-AF59-4198-9BC9-6EBED7DA4919} = {8235369C-97BE-4EBC-B439-FD3C2C7F6421}
		{A0001FA3-E287-452C-BFCA-D7DE2FEE6DCB} = {8235369C-97BE-4EBC-B439-FD3C2C7F6421}
		{6B098905-B1F5-4C0E-9D7A-9B321BE45445} = {6036EFBD-089D-4BB9-A74A-B6C56FCFF59A}
		{96C127E5-FA96-4136-893C-6C2E9B437AB8} = {6B098905-B1F5-4C0E-9D7A-9B321BE45445}
		{D57F505A-8D86-4C7E-9280-F90062289FFA} = {6036EFBD-089D-4BB9-A74A-B6C56FCFF59A}
		{0A6207E2-F4D2-4440-92BA-FE0E43E64D68} = {D57F505A-8D86-4C7E-9280-F90062289FFA}
		{0B27A6C9-CDF3-40B9-BD7E-37840FC771EE} = {D57F505A-8D86-4C7E-9280-F90062289FFA}
		{EEA8BF6E-F45A-46BE-AB8F-A4777E329930} = {6036EFBD-089D-4BB9-A74A-B6C56FCFF59A}
		{5CD61FD6-5EDF-42FF-AE97-1A0953BC35CC} = {EEA8BF6E-F45A-46BE-AB8F-A4777E329930}
		{BB6FB7F9-9799-4E49-973C-D4E35839FFCA} = {EEA8BF6E-F45A-46BE-AB8F-A4777E329930}
		{E4403A92-3A7A-442A-AADD-AFDFEC826BFA} = {F9D62C0F-D44E-4C26-BDCD-EDD2EC8C1046}
	EndGlobalSection
EndGlobal
